
Microsoft Visual Studio Solution File, Format Version 12.00
# Visual Studio Version 16
VisualStudioVersion = 16.0.31025.194
MinimumVisualStudioVersion = 10.0.40219.1
Project("{9A19103F-16F7-4668-BE54-9A1E7A4F7556}") = "Zad2.NET", "Zad2.NET\Zad2.NET.csproj", "{8AB611BC-3D0F-4036-9370-3A289236350B}"
EndProject
Global
	GlobalSection(SolutionConfigurationPlatforms) = preSolution
		Debug|Any CPU = Debug|Any CPU
		Release|Any CPU = Release|Any CPU
	EndGlobalSection
	GlobalSection(ProjectConfigurationPlatforms) = postSolution
		{8AB611BC-3D0F-4036-9370-3A289236350B}.Debug|Any CPU.ActiveCfg = Debug|Any CPU
		{8AB611BC-3D0F-4036-9370-3A289236350B}.Debug|Any CPU.Build.0 = Debug|Any CPU
		{8AB611BC-3D0F-4036-9370-3A289236350B}.Release|Any CPU.ActiveCfg = Release|Any CPU
		{8AB611BC-3D0F-4036-9370-3A289236350B}.Release|Any CPU.Build.0 = Release|Any CPU
	EndGlobalSection
	GlobalSection(SolutionProperties) = preSolution
		HideSolutionNode = FALSE
	EndGlobalSection
	GlobalSection(ExtensibilityGlobals) = postSolution
		SolutionGuid = {A42329F9-4954-469C-97DB-3EBDDFB84E86}
	EndGlobalSection
EndGlobal
